// !$*UTF8*$!
{
	archiveVersion = 1;
	classes = {
	};
	objectVersion = 55;
	objects = {

/* Begin PBXBuildFile section */
		0100315428A205FC00AEDA8F /* LeaderboardViewController.swift in Sources */ = {isa = PBXBuildFile; fileRef = 0100315328A205FC00AEDA8F /* LeaderboardViewController.swift */; };
		011036F72899B6DE00190C50 /* GuestLoginViewController.swift in Sources */ = {isa = PBXBuildFile; fileRef = 011036F62899B6DE00190C50 /* GuestLoginViewController.swift */; };
		012B001E28A5E45200FF34F9 /* GoogleService-Info.plist in Resources */ = {isa = PBXBuildFile; fileRef = 012B001D28A5E45200FF34F9 /* GoogleService-Info.plist */; };
		012B002028A5E4B700FF34F9 /* AboutViewController.swift in Sources */ = {isa = PBXBuildFile; fileRef = 012B001F28A5E4B700FF34F9 /* AboutViewController.swift */; };
		01B22CDC28A1800B00EAD31A /* HomeViewController.swift in Sources */ = {isa = PBXBuildFile; fileRef = 01B22CDB28A1800B00EAD31A /* HomeViewController.swift */; };
		01B22CDE28A1857000EAD31A /* HighScoreViewController.swift in Sources */ = {isa = PBXBuildFile; fileRef = 01B22CDD28A1857000EAD31A /* HighScoreViewController.swift */; };
		01B22CE028A1A8C300EAD31A /* PersonalViewController.swift in Sources */ = {isa = PBXBuildFile; fileRef = 01B22CDF28A1A8C300EAD31A /* PersonalViewController.swift */; };
		01B22CE228A1B92B00EAD31A /* DifficultyLevelsViewController.swift in Sources */ = {isa = PBXBuildFile; fileRef = 01B22CE128A1B92B00EAD31A /* DifficultyLevelsViewController.swift */; };
		01B22CE428A1BBB000EAD31A /* QuestionViewController.swift in Sources */ = {isa = PBXBuildFile; fileRef = 01B22CE328A1BBB000EAD31A /* QuestionViewController.swift */; };
		01CDE9EB2891F5EB002DC49C /* AppDelegate.swift in Sources */ = {isa = PBXBuildFile; fileRef = 01CDE9EA2891F5EB002DC49C /* AppDelegate.swift */; };
		01CDE9ED2891F5EB002DC49C /* SceneDelegate.swift in Sources */ = {isa = PBXBuildFile; fileRef = 01CDE9EC2891F5EB002DC49C /* SceneDelegate.swift */; };
		01CDE9EF2891F5EB002DC49C /* ViewController.swift in Sources */ = {isa = PBXBuildFile; fileRef = 01CDE9EE2891F5EB002DC49C /* ViewController.swift */; };
		01CDE9F22891F5EB002DC49C /* Main.storyboard in Resources */ = {isa = PBXBuildFile; fileRef = 01CDE9F02891F5EB002DC49C /* Main.storyboard */; };
		01CDE9F42891F5EB002DC49C /* Assets.xcassets in Resources */ = {isa = PBXBuildFile; fileRef = 01CDE9F32891F5EB002DC49C /* Assets.xcassets */; };
		01CDE9F72891F5EB002DC49C /* LaunchScreen.storyboard in Resources */ = {isa = PBXBuildFile; fileRef = 01CDE9F52891F5EB002DC49C /* LaunchScreen.storyboard */; };
		01CDEA0128923AF8002DC49C /* WelcomeViewController.swift in Sources */ = {isa = PBXBuildFile; fileRef = 01CDEA0028923AF8002DC49C /* WelcomeViewController.swift */; };
		01CDEA0328924D0E002DC49C /* SignUpViewController.swift in Sources */ = {isa = PBXBuildFile; fileRef = 01CDEA0228924D0D002DC49C /* SignUpViewController.swift */; };
		01E2ABF52893479C0042361F /* LoginController.swift in Sources */ = {isa = PBXBuildFile; fileRef = 01E2ABF42893479C0042361F /* LoginController.swift */; };
		5EBAD9EE28A1A18E008CD86E /* FirebaseAnalytics in Frameworks */ = {isa = PBXBuildFile; productRef = 5EBAD9ED28A1A18E008CD86E /* FirebaseAnalytics */; };
		5EBAD9F028A1A18E008CD86E /* FirebaseAuth in Frameworks */ = {isa = PBXBuildFile; productRef = 5EBAD9EF28A1A18E008CD86E /* FirebaseAuth */; };
		5EBAD9F528A1B187008CD86E /* FirebaseFirestore in Frameworks */ = {isa = PBXBuildFile; productRef = 5EBAD9F428A1B187008CD86E /* FirebaseFirestore */; };
/* End PBXBuildFile section */

/* Begin PBXFileReference section */
		0100315328A205FC00AEDA8F /* LeaderboardViewController.swift */ = {isa = PBXFileReference; lastKnownFileType = sourcecode.swift; path = LeaderboardViewController.swift; sourceTree = "<group>"; };
		011036F62899B6DE00190C50 /* GuestLoginViewController.swift */ = {isa = PBXFileReference; lastKnownFileType = sourcecode.swift; path = GuestLoginViewController.swift; sourceTree = "<group>"; };
		012B001D28A5E45200FF34F9 /* GoogleService-Info.plist */ = {isa = PBXFileReference; fileEncoding = 4; lastKnownFileType = text.plist.xml; name = "GoogleService-Info.plist"; path = "../../../../../../Downloads/GoogleService-Info.plist"; sourceTree = "<group>"; };
		012B001F28A5E4B700FF34F9 /* AboutViewController.swift */ = {isa = PBXFileReference; lastKnownFileType = sourcecode.swift; path = AboutViewController.swift; sourceTree = "<group>"; };
		01B22CDB28A1800B00EAD31A /* HomeViewController.swift */ = {isa = PBXFileReference; lastKnownFileType = sourcecode.swift; path = HomeViewController.swift; sourceTree = "<group>"; };
		01B22CDD28A1857000EAD31A /* HighScoreViewController.swift */ = {isa = PBXFileReference; lastKnownFileType = sourcecode.swift; path = HighScoreViewController.swift; sourceTree = "<group>"; };
		01B22CDF28A1A8C300EAD31A /* PersonalViewController.swift */ = {isa = PBXFileReference; lastKnownFileType = sourcecode.swift; path = PersonalViewController.swift; sourceTree = "<group>"; };
		01B22CE128A1B92B00EAD31A /* DifficultyLevelsViewController.swift */ = {isa = PBXFileReference; lastKnownFileType = sourcecode.swift; path = DifficultyLevelsViewController.swift; sourceTree = "<group>"; };
		01B22CE328A1BBB000EAD31A /* QuestionViewController.swift */ = {isa = PBXFileReference; lastKnownFileType = sourcecode.swift; path = QuestionViewController.swift; sourceTree = "<group>"; };
		01CDE9E72891F5EB002DC49C /* QuizApp.app */ = {isa = PBXFileReference; explicitFileType = wrapper.application; includeInIndex = 0; path = QuizApp.app; sourceTree = BUILT_PRODUCTS_DIR; };
		01CDE9EA2891F5EB002DC49C /* AppDelegate.swift */ = {isa = PBXFileReference; lastKnownFileType = sourcecode.swift; path = AppDelegate.swift; sourceTree = "<group>"; };
		01CDE9EC2891F5EB002DC49C /* SceneDelegate.swift */ = {isa = PBXFileReference; lastKnownFileType = sourcecode.swift; path = SceneDelegate.swift; sourceTree = "<group>"; };
		01CDE9EE2891F5EB002DC49C /* ViewController.swift */ = {isa = PBXFileReference; lastKnownFileType = sourcecode.swift; path = ViewController.swift; sourceTree = "<group>"; };
		01CDE9F12891F5EB002DC49C /* Base */ = {isa = PBXFileReference; lastKnownFileType = file.storyboard; name = Base; path = Base.lproj/Main.storyboard; sourceTree = "<group>"; };
		01CDE9F32891F5EB002DC49C /* Assets.xcassets */ = {isa = PBXFileReference; lastKnownFileType = folder.assetcatalog; path = Assets.xcassets; sourceTree = "<group>"; };
		01CDE9F62891F5EB002DC49C /* Base */ = {isa = PBXFileReference; lastKnownFileType = file.storyboard; name = Base; path = Base.lproj/LaunchScreen.storyboard; sourceTree = "<group>"; };
		01CDE9F82891F5EB002DC49C /* Info.plist */ = {isa = PBXFileReference; lastKnownFileType = text.plist.xml; path = Info.plist; sourceTree = "<group>"; };
		01CDEA0028923AF8002DC49C /* WelcomeViewController.swift */ = {isa = PBXFileReference; lastKnownFileType = sourcecode.swift; path = WelcomeViewController.swift; sourceTree = "<group>"; };
		01CDEA0228924D0D002DC49C /* SignUpViewController.swift */ = {isa = PBXFileReference; lastKnownFileType = sourcecode.swift; path = SignUpViewController.swift; sourceTree = "<group>"; };
		01E2ABF42893479C0042361F /* LoginController.swift */ = {isa = PBXFileReference; lastKnownFileType = sourcecode.swift; path = LoginController.swift; sourceTree = "<group>"; };
/* End PBXFileReference section */

/* Begin PBXFrameworksBuildPhase section */
		01CDE9E42891F5EB002DC49C /* Frameworks */ = {
			isa = PBXFrameworksBuildPhase;
			buildActionMask = 2147483647;
			files = (
				5EBAD9EE28A1A18E008CD86E /* FirebaseAnalytics in Frameworks */,
				5EBAD9F028A1A18E008CD86E /* FirebaseAuth in Frameworks */,
				5EBAD9F528A1B187008CD86E /* FirebaseFirestore in Frameworks */,
			);
			runOnlyForDeploymentPostprocessing = 0;
		};
/* End PBXFrameworksBuildPhase section */

/* Begin PBXGroup section */
		01CDE9DE2891F5EB002DC49C = {
			isa = PBXGroup;
			children = (
				01CDE9E92891F5EB002DC49C /* QuizApp */,
				01CDE9E82891F5EB002DC49C /* Products */,
			);
			sourceTree = "<group>";
		};
		01CDE9E82891F5EB002DC49C /* Products */ = {
			isa = PBXGroup;
			children = (
				01CDE9E72891F5EB002DC49C /* QuizApp.app */,
			);
			name = Products;
			sourceTree = "<group>";
		};
		01CDE9E92891F5EB002DC49C /* QuizApp */ = {
			isa = PBXGroup;
			children = (
				01CDE9EA2891F5EB002DC49C /* AppDelegate.swift */,
				01CDE9EC2891F5EB002DC49C /* SceneDelegate.swift */,
				01CDE9EE2891F5EB002DC49C /* ViewController.swift */,
				01CDE9F02891F5EB002DC49C /* Main.storyboard */,
				012B001F28A5E4B700FF34F9 /* AboutViewController.swift */,
				0100315328A205FC00AEDA8F /* LeaderboardViewController.swift */,
				01B22CE328A1BBB000EAD31A /* QuestionViewController.swift */,
				01B22CE128A1B92B00EAD31A /* DifficultyLevelsViewController.swift */,
				01B22CDF28A1A8C300EAD31A /* PersonalViewController.swift */,
				01B22CDD28A1857000EAD31A /* HighScoreViewController.swift */,
				01B22CDB28A1800B00EAD31A /* HomeViewController.swift */,
				011036F62899B6DE00190C50 /* GuestLoginViewController.swift */,
				01E2ABF42893479C0042361F /* LoginController.swift */,
				01CDEA0228924D0D002DC49C /* SignUpViewController.swift */,
				01CDEA0028923AF8002DC49C /* WelcomeViewController.swift */,
				01CDE9F32891F5EB002DC49C /* Assets.xcassets */,
				01CDE9F52891F5EB002DC49C /* LaunchScreen.storyboard */,
				01CDE9F82891F5EB002DC49C /* Info.plist */,
				012B001D28A5E45200FF34F9 /* GoogleService-Info.plist */,
			);
			path = QuizApp;
			sourceTree = "<group>";
		};
/* End PBXGroup section */

/* Begin PBXNativeTarget section */
		01CDE9E62891F5EB002DC49C /* QuizApp */ = {
			isa = PBXNativeTarget;
			buildConfigurationList = 01CDE9FB2891F5EB002DC49C /* Build configuration list for PBXNativeTarget "QuizApp" */;
			buildPhases = (
				01CDE9E32891F5EB002DC49C /* Sources */,
				01CDE9E42891F5EB002DC49C /* Frameworks */,
				01CDE9E52891F5EB002DC49C /* Resources */,
			);
			buildRules = (
			);
			dependencies = (
			);
			name = QuizApp;
			packageProductDependencies = (
				5EBAD9ED28A1A18E008CD86E /* FirebaseAnalytics */,
				5EBAD9EF28A1A18E008CD86E /* FirebaseAuth */,
				5EBAD9F428A1B187008CD86E /* FirebaseFirestore */,
			);
			productName = QuizApp;
			productReference = 01CDE9E72891F5EB002DC49C /* QuizApp.app */;
			productType = "com.apple.product-type.application";
		};
/* End PBXNativeTarget section */

/* Begin PBXProject section */
		01CDE9DF2891F5EB002DC49C /* Project object */ = {
			isa = PBXProject;
			attributes = {
				BuildIndependentTargetsInParallel = 1;
				LastSwiftUpdateCheck = 1330;
				LastUpgradeCheck = 1330;
				TargetAttributes = {
					01CDE9E62891F5EB002DC49C = {
						CreatedOnToolsVersion = 13.3.1;
					};
				};
			};
			buildConfigurationList = 01CDE9E22891F5EB002DC49C /* Build configuration list for PBXProject "QuizApp" */;
			compatibilityVersion = "Xcode 13.0";
			developmentRegion = en;
			hasScannedForEncodings = 0;
			knownRegions = (
				en,
				Base,
			);
			mainGroup = 01CDE9DE2891F5EB002DC49C;
			packageReferences = (
				5EBAD9EC28A1A18E008CD86E /* XCRemoteSwiftPackageReference "firebase-ios-sdk" */,
				5EBAD9F328A1B187008CD86E /* XCRemoteSwiftPackageReference "firebase-ios-sdk" */,
			);
			productRefGroup = 01CDE9E82891F5EB002DC49C /* Products */;
			projectDirPath = "";
			projectRoot = "";
			targets = (
				01CDE9E62891F5EB002DC49C /* QuizApp */,
			);
		};
/* End PBXProject section */

/* Begin PBXResourcesBuildPhase section */
		01CDE9E52891F5EB002DC49C /* Resources */ = {
			isa = PBXResourcesBuildPhase;
			buildActionMask = 2147483647;
			files = (
				01CDE9F72891F5EB002DC49C /* LaunchScreen.storyboard in Resources */,
				012B001E28A5E45200FF34F9 /* GoogleService-Info.plist in Resources */,
				01CDE9F42891F5EB002DC49C /* Assets.xcassets in Resources */,
				01CDE9F22891F5EB002DC49C /* Main.storyboard in Resources */,
			);
			runOnlyForDeploymentPostprocessing = 0;
		};
/* End PBXResourcesBuildPhase section */

/* Begin PBXSourcesBuildPhase section */
		01CDE9E32891F5EB002DC49C /* Sources */ = {
			isa = PBXSourcesBuildPhase;
			buildActionMask = 2147483647;
			files = (
				01CDE9EF2891F5EB002DC49C /* ViewController.swift in Sources */,
				01E2ABF52893479C0042361F /* LoginController.swift in Sources */,
				0100315428A205FC00AEDA8F /* LeaderboardViewController.swift in Sources */,
				01B22CE428A1BBB000EAD31A /* QuestionViewController.swift in Sources */,
				01CDEA0128923AF8002DC49C /* WelcomeViewController.swift in Sources */,
				01B22CDC28A1800B00EAD31A /* HomeViewController.swift in Sources */,
				01CDE9EB2891F5EB002DC49C /* AppDelegate.swift in Sources */,
				01B22CE228A1B92B00EAD31A /* DifficultyLevelsViewController.swift in Sources */,
				011036F72899B6DE00190C50 /* GuestLoginViewController.swift in Sources */,
				01B22CE028A1A8C300EAD31A /* PersonalViewController.swift in Sources */,
				012B002028A5E4B700FF34F9 /* AboutViewController.swift in Sources */,
				01CDE9ED2891F5EB002DC49C /* SceneDelegate.swift in Sources */,
				01CDEA0328924D0E002DC49C /* SignUpViewController.swift in Sources */,
				01B22CDE28A1857000EAD31A /* HighScoreViewController.swift in Sources */,
			);
			runOnlyForDeploymentPostprocessing = 0;
		};
/* End PBXSourcesBuildPhase section */

/* Begin PBXVariantGroup section */
		01CDE9F02891F5EB002DC49C /* Main.storyboard */ = {
			isa = PBXVariantGroup;
			children = (
				01CDE9F12891F5EB002DC49C /* Base */,
			);
			name = Main.storyboard;
			sourceTree = "<group>";
		};
		01CDE9F52891F5EB002DC49C /* LaunchScreen.storyboard */ = {
			isa = PBXVariantGroup;
			children = (
				01CDE9F62891F5EB002DC49C /* Base */,
			);
			name = LaunchScreen.storyboard;
			sourceTree = "<group>";
		};
/* End PBXVariantGroup section */

/* Begin XCBuildConfiguration section */
		01CDE9F92891F5EB002DC49C /* Debug */ = {
			isa = XCBuildConfiguration;
			buildSettings = {
				ALWAYS_SEARCH_USER_PATHS = NO;
				CLANG_ANALYZER_NONNULL = YES;
				CLANG_ANALYZER_NUMBER_OBJECT_CONVERSION = YES_AGGRESSIVE;
				CLANG_CXX_LANGUAGE_STANDARD = "gnu++17";
				CLANG_ENABLE_MODULES = YES;
				CLANG_ENABLE_OBJC_ARC = YES;
				CLANG_ENABLE_OBJC_WEAK = YES;
				CLANG_WARN_BLOCK_CAPTURE_AUTORELEASING = YES;
				CLANG_WARN_BOOL_CONVERSION = YES;
				CLANG_WARN_COMMA = YES;
				CLANG_WARN_CONSTANT_CONVERSION = YES;
				CLANG_WARN_DEPRECATED_OBJC_IMPLEMENTATIONS = YES;
				CLANG_WARN_DIRECT_OBJC_ISA_USAGE = YES_ERROR;
				CLANG_WARN_DOCUMENTATION_COMMENTS = YES;
				CLANG_WARN_EMPTY_BODY = YES;
				CLANG_WARN_ENUM_CONVERSION = YES;
				CLANG_WARN_INFINITE_RECURSION = YES;
				CLANG_WARN_INT_CONVERSION = YES;
				CLANG_WARN_NON_LITERAL_NULL_CONVERSION = YES;
				CLANG_WARN_OBJC_IMPLICIT_RETAIN_SELF = YES;
				CLANG_WARN_OBJC_LITERAL_CONVERSION = YES;
				CLANG_WARN_OBJC_ROOT_CLASS = YES_ERROR;
				CLANG_WARN_QUOTED_INCLUDE_IN_FRAMEWORK_HEADER = YES;
				CLANG_WARN_RANGE_LOOP_ANALYSIS = YES;
				CLANG_WARN_STRICT_PROTOTYPES = YES;
				CLANG_WARN_SUSPICIOUS_MOVE = YES;
				CLANG_WARN_UNGUARDED_AVAILABILITY = YES_AGGRESSIVE;
				CLANG_WARN_UNREACHABLE_CODE = YES;
				CLANG_WARN__DUPLICATE_METHOD_MATCH = YES;
				COPY_PHASE_STRIP = NO;
				DEBUG_INFORMATION_FORMAT = dwarf;
				ENABLE_STRICT_OBJC_MSGSEND = YES;
				ENABLE_TESTABILITY = YES;
				GCC_C_LANGUAGE_STANDARD = gnu11;
				GCC_DYNAMIC_NO_PIC = NO;
				GCC_NO_COMMON_BLOCKS = YES;
				GCC_OPTIMIZATION_LEVEL = 0;
				GCC_PREPROCESSOR_DEFINITIONS = (
					"DEBUG=1",
					"$(inherited)",
				);
				GCC_WARN_64_TO_32_BIT_CONVERSION = YES;
				GCC_WARN_ABOUT_RETURN_TYPE = YES_ERROR;
				GCC_WARN_UNDECLARED_SELECTOR = YES;
				GCC_WARN_UNINITIALIZED_AUTOS = YES_AGGRESSIVE;
				GCC_WARN_UNUSED_FUNCTION = YES;
				GCC_WARN_UNUSED_VARIABLE = YES;
				IPHONEOS_DEPLOYMENT_TARGET = 15.4;
				MTL_ENABLE_DEBUG_INFO = INCLUDE_SOURCE;
				MTL_FAST_MATH = YES;
				ONLY_ACTIVE_ARCH = YES;
				SDKROOT = iphoneos;
				SWIFT_ACTIVE_COMPILATION_CONDITIONS = DEBUG;
				SWIFT_OPTIMIZATION_LEVEL = "-Onone";
			};
			name = Debug;
		};
		01CDE9FA2891F5EB002DC49C /* Release */ = {
			isa = XCBuildConfiguration;
			buildSettings = {
				ALWAYS_SEARCH_USER_PATHS = NO;
				CLANG_ANALYZER_NONNULL = YES;
				CLANG_ANALYZER_NUMBER_OBJECT_CONVERSION = YES_AGGRESSIVE;
				CLANG_CXX_LANGUAGE_STANDARD = "gnu++17";
				CLANG_ENABLE_MODULES = YES;
				CLANG_ENABLE_OBJC_ARC = YES;
				CLANG_ENABLE_OBJC_WEAK = YES;
				CLANG_WARN_BLOCK_CAPTURE_AUTORELEASING = YES;
				CLANG_WARN_BOOL_CONVERSION = YES;
				CLANG_WARN_COMMA = YES;
				CLANG_WARN_CONSTANT_CONVERSION = YES;
				CLANG_WARN_DEPRECATED_OBJC_IMPLEMENTATIONS = YES;
				CLANG_WARN_DIRECT_OBJC_ISA_USAGE = YES_ERROR;
				CLANG_WARN_DOCUMENTATION_COMMENTS = YES;
				CLANG_WARN_EMPTY_BODY = YES;
				CLANG_WARN_ENUM_CONVERSION = YES;
				CLANG_WARN_INFINITE_RECURSION = YES;
				CLANG_WARN_INT_CONVERSION = YES;
				CLANG_WARN_NON_LITERAL_NULL_CONVERSION = YES;
				CLANG_WARN_OBJC_IMPLICIT_RETAIN_SELF = YES;
				CLANG_WARN_OBJC_LITERAL_CONVERSION = YES;
				CLANG_WARN_OBJC_ROOT_CLASS = YES_ERROR;
				CLANG_WARN_QUOTED_INCLUDE_IN_FRAMEWORK_HEADER = YES;
				CLANG_WARN_RANGE_LOOP_ANALYSIS = YES;
				CLANG_WARN_STRICT_PROTOTYPES = YES;
				CLANG_WARN_SUSPICIOUS_MOVE = YES;
				CLANG_WARN_UNGUARDED_AVAILABILITY = YES_AGGRESSIVE;
				CLANG_WARN_UNREACHABLE_CODE = YES;
				CLANG_WARN__DUPLICATE_METHOD_MATCH = YES;
				COPY_PHASE_STRIP = NO;
				DEBUG_INFORMATION_FORMAT = "dwarf-with-dsym";
				ENABLE_NS_ASSERTIONS = NO;
				ENABLE_STRICT_OBJC_MSGSEND = YES;
				GCC_C_LANGUAGE_STANDARD = gnu11;
				GCC_NO_COMMON_BLOCKS = YES;
				GCC_WARN_64_TO_32_BIT_CONVERSION = YES;
				GCC_WARN_ABOUT_RETURN_TYPE = YES_ERROR;
				GCC_WARN_UNDECLARED_SELECTOR = YES;
				GCC_WARN_UNINITIALIZED_AUTOS = YES_AGGRESSIVE;
				GCC_WARN_UNUSED_FUNCTION = YES;
				GCC_WARN_UNUSED_VARIABLE = YES;
				IPHONEOS_DEPLOYMENT_TARGET = 15.4;
				MTL_ENABLE_DEBUG_INFO = NO;
				MTL_FAST_MATH = YES;
				SDKROOT = iphoneos;
				SWIFT_COMPILATION_MODE = wholemodule;
				SWIFT_OPTIMIZATION_LEVEL = "-O";
				VALIDATE_PRODUCT = YES;
			};
			name = Release;
		};
		01CDE9FC2891F5EB002DC49C /* Debug */ = {
			isa = XCBuildConfiguration;
			buildSettings = {
				ASSETCATALOG_COMPILER_APPICON_NAME = AppIcon;
				ASSETCATALOG_COMPILER_GLOBAL_ACCENT_COLOR_NAME = AccentColor;
				CODE_SIGN_STYLE = Automatic;
				CURRENT_PROJECT_VERSION = 1;
				GENERATE_INFOPLIST_FILE = YES;
				INFOPLIST_FILE = QuizApp/Info.plist;
				INFOPLIST_KEY_UIApplicationSupportsIndirectInputEvents = YES;
				INFOPLIST_KEY_UILaunchStoryboardName = LaunchScreen;
				INFOPLIST_KEY_UIMainStoryboardFile = Main;
				INFOPLIST_KEY_UISupportedInterfaceOrientations_iPad = "UIInterfaceOrientationPortrait UIInterfaceOrientationPortraitUpsideDown UIInterfaceOrientationLandscapeLeft UIInterfaceOrientationLandscapeRight";
				INFOPLIST_KEY_UISupportedInterfaceOrientations_iPhone = UIInterfaceOrientationPortrait;
				LD_RUNPATH_SEARCH_PATHS = (
					"$(inherited)",
					"@executable_path/Frameworks",
				);
				MARKETING_VERSION = 1.0;
				PRODUCT_BUNDLE_IDENTIFIER = com.example.HarpritUdayIvan.QuizApp;
				PRODUCT_NAME = "$(TARGET_NAME)";
				SWIFT_EMIT_LOC_STRINGS = YES;
				SWIFT_VERSION = 5.0;
				TARGETED_DEVICE_FAMILY = "1,2";
			};
			name = Debug;
		};
		01CDE9FD2891F5EB002DC49C /* Release */ = {
			isa = XCBuildConfiguration;
			buildSettings = {
				ASSETCATALOG_COMPILER_APPICON_NAME = AppIcon;
				ASSETCATALOG_COMPILER_GLOBAL_ACCENT_COLOR_NAME = AccentColor;
				CODE_SIGN_STYLE = Automatic;
				CURRENT_PROJECT_VERSION = 1;
				GENERATE_INFOPLIST_FILE = YES;
				INFOPLIST_FILE = QuizApp/Info.plist;
				INFOPLIST_KEY_UIApplicationSupportsIndirectInputEvents = YES;
				INFOPLIST_KEY_UILaunchStoryboardName = LaunchScreen;
				INFOPLIST_KEY_UIMainStoryboardFile = Main;
				INFOPLIST_KEY_UISupportedInterfaceOrientations_iPad = "UIInterfaceOrientationPortrait UIInterfaceOrientationPortraitUpsideDown UIInterfaceOrientationLandscapeLeft UIInterfaceOrientationLandscapeRight";
				INFOPLIST_KEY_UISupportedInterfaceOrientations_iPhone = UIInterfaceOrientationPortrait;
				LD_RUNPATH_SEARCH_PATHS = (
					"$(inherited)",
					"@executable_path/Frameworks",
				);
				MARKETING_VERSION = 1.0;
				PRODUCT_BUNDLE_IDENTIFIER = com.example.HarpritUdayIvan.QuizApp;
				PRODUCT_NAME = "$(TARGET_NAME)";
				SWIFT_EMIT_LOC_STRINGS = YES;
				SWIFT_VERSION = 5.0;
				TARGETED_DEVICE_FAMILY = "1,2";
			};
			name = Release;
		};
/* End XCBuildConfiguration section */

/* Begin XCConfigurationList section */
		01CDE9E22891F5EB002DC49C /* Build configuration list for PBXProject "QuizApp" */ = {
			isa = XCConfigurationList;
			buildConfigurations = (
				01CDE9F92891F5EB002DC49C /* Debug */,
				01CDE9FA2891F5EB002DC49C /* Release */,
			);
			defaultConfigurationIsVisible = 0;
			defaultConfigurationName = Release;
		};
		01CDE9FB2891F5EB002DC49C /* Build configuration list for PBXNativeTarget "QuizApp" */ = {
			isa = XCConfigurationList;
			buildConfigurations = (
				01CDE9FC2891F5EB002DC49C /* Debug */,
				01CDE9FD2891F5EB002DC49C /* Release */,
			);
			defaultConfigurationIsVisible = 0;
			defaultConfigurationName = Release;
		};
/* End XCConfigurationList section */

/* Begin XCRemoteSwiftPackageReference section */
		5EBAD9EC28A1A18E008CD86E /* XCRemoteSwiftPackageReference "firebase-ios-sdk" */ = {
			isa = XCRemoteSwiftPackageReference;
			repositoryURL = "https://github.com/firebase/firebase-ios-sdk";
			requirement = {
				kind = upToNextMajorVersion;
				minimumVersion = 9.0.0;
			};
		};
		5EBAD9F328A1B187008CD86E /* XCRemoteSwiftPackageReference "firebase-ios-sdk" */ = {
			isa = XCRemoteSwiftPackageReference;
			repositoryURL = "https://github.com/firebase/firebase-ios-sdk";
			requirement = {
				branch = master;
				kind = branch;
			};
		};
/* End XCRemoteSwiftPackageReference section */

/* Begin XCSwiftPackageProductDependency section */
		5EBAD9ED28A1A18E008CD86E /* FirebaseAnalytics */ = {
			isa = XCSwiftPackageProductDependency;
			package = 5EBAD9EC28A1A18E008CD86E /* XCRemoteSwiftPackageReference "firebase-ios-sdk" */;
			productName = FirebaseAnalytics;
		};
		5EBAD9EF28A1A18E008CD86E /* FirebaseAuth */ = {
			isa = XCSwiftPackageProductDependency;
			package = 5EBAD9EC28A1A18E008CD86E /* XCRemoteSwiftPackageReference "firebase-ios-sdk" */;
			productName = FirebaseAuth;
		};
		5EBAD9F428A1B187008CD86E /* FirebaseFirestore */ = {
			isa = XCSwiftPackageProductDependency;
			package = 5EBAD9F328A1B187008CD86E /* XCRemoteSwiftPackageReference "firebase-ios-sdk" */;
			productName = FirebaseFirestore;
		};
/* End XCSwiftPackageProductDependency section */
	};
	rootObject = 01CDE9DF2891F5EB002DC49C /* Project object */;
}
